# Generated by pub
# See http://pub.dartlang.org/doc/glossary.html#lockfile
packages:
  browser:
    description:
      name: browser
      url: "https://pub.dartlang.org"
    source: hosted
    version: "0.10.0+2"
  petitparser:
    description:
      name: petitparser
      url: "https://pub.dartlang.org"
    source: hosted
    version: "1.5.1"
  stagexl:
    description:
      name: stagexl
      url: "https://pub.dartlang.org"
    source: hosted
    version: "0.13.5+1"
  stagexl_bitmapfont:
    description:
      name: stagexl_bitmapfont
      url: "https://pub.dartlang.org"
    source: hosted
    version: "0.1.1"
  stagexl_flump:
    description:
      name: stagexl_flump
      url: "https://pub.dartlang.org"
    source: hosted
    version: "0.3.5"
  stagexl_richtextfield:
    description:
      name: stagexl_richtextfield
      url: "https://pub.dartlang.org"
    source: hosted
    version: "0.1.3+3"
  stagexl_spine:
    description:
      name: stagexl_spine
      url: "https://pub.dartlang.org"
    source: hosted
    version: "0.5.1"
  xml:
    description:
      name: xml
      url: "https://pub.dartlang.org"
    source: hosted
    version: "2.4.2"
sdk: ">=1.13.0 <2.0.0"
